
Microsoft Visual Studio Solution File, Format Version 12.00
# Visual Studio Version 16
VisualStudioVersion = 16.0.30413.136
MinimumVisualStudioVersion = 10.0.40219.1
Project("{FAE04EC0-301F-11D3-BF4B-00C04F79EFBC}") = "AutoMatic", "AutoMatic\AutoMatic.csproj", "{8BBEF7A3-1D90-46C3-9E58-4BE15782EE4D}"
EndProject
Global
	GlobalSection(SolutionConfigurationPlatforms) = preSolution
		Debug|Any CPU = Debug|Any CPU
		Release|Any CPU = Release|Any CPU
	EndGlobalSection
	GlobalSection(ProjectConfigurationPlatforms) = postSolution
		{8BBEF7A3-1D90-46C3-9E58-4BE15782EE4D}.Debug|Any CPU.ActiveCfg = Debug|Any CPU
		{8BBEF7A3-1D90-46C3-9E58-4BE15782EE4D}.Debug|Any CPU.Build.0 = Debug|Any CPU
		{8BBEF7A3-1D90-46C3-9E58-4BE15782EE4D}.Release|Any CPU.ActiveCfg = Release|Any CPU
		{8BBEF7A3-1D90-46C3-9E58-4BE15782EE4D}.Release|Any CPU.Build.0 = Release|Any CPU
	EndGlobalSection
	GlobalSection(SolutionProperties) = preSolution
		HideSolutionNode = FALSE
	EndGlobalSection
	GlobalSection(ExtensibilityGlobals) = postSolution
		SolutionGuid = {FD0951FB-3FF1-41E1-99C0-F46A096AED5F}
	EndGlobalSection
EndGlobal
